// !$*UTF8*$!
{
	archiveVersion = 1;
	classes = {
	};
	objectVersion = 46;
	objects = {

/* Begin PBXBuildFile section */
		257F50231CC9EE850046B7C1 /* AppDelegate.swift in Sources */ = {isa = PBXBuildFile; fileRef = 257F50221CC9EE850046B7C1 /* AppDelegate.swift */; };
		257F50251CC9EE850046B7C1 /* ViewController.swift in Sources */ = {isa = PBXBuildFile; fileRef = 257F50241CC9EE850046B7C1 /* ViewController.swift */; };
		257F50281CC9EE850046B7C1 /* Main.storyboard in Resources */ = {isa = PBXBuildFile; fileRef = 257F50261CC9EE850046B7C1 /* Main.storyboard */; settings = {ASSET_TAGS = (100, ); }; };
		257F502A1CC9EE850046B7C1 /* Assets.xcassets in Resources */ = {isa = PBXBuildFile; fileRef = 257F50291CC9EE850046B7C1 /* Assets.xcassets */; };
		257F502D1CC9EE850046B7C1 /* LaunchScreen.storyboard in Resources */ = {isa = PBXBuildFile; fileRef = 257F502B1CC9EE850046B7C1 /* LaunchScreen.storyboard */; };
		257F50381CC9EE860046B7C1 /* Lab_1Tests.swift in Sources */ = {isa = PBXBuildFile; fileRef = 257F50371CC9EE860046B7C1 /* Lab_1Tests.swift */; };
		257F50431CC9EE860046B7C1 /* Lab_1UITests.swift in Sources */ = {isa = PBXBuildFile; fileRef = 257F50421CC9EE860046B7C1 /* Lab_1UITests.swift */; };
		257F50521CC9F5C80046B7C1 /* PlayerViewComtrollerTableViewController.swift in Sources */ = {isa = PBXBuildFile; fileRef = 257F50501CC9F5C80046B7C1 /* PlayerViewComtrollerTableViewController.swift */; };
		257F50531CC9F5C80046B7C1 /* PlayerViewComtrollerTableViewController.xib in Resources */ = {isa = PBXBuildFile; fileRef = 257F50511CC9F5C80046B7C1 /* PlayerViewComtrollerTableViewController.xib */; };
		257F50551CC9F6280046B7C1 /* Player.swift in Sources */ = {isa = PBXBuildFile; fileRef = 257F50541CC9F6280046B7C1 /* Player.swift */; };
		257F50571CC9F7390046B7C1 /* SampleData.swift in Sources */ = {isa = PBXBuildFile; fileRef = 257F50561CC9F7390046B7C1 /* SampleData.swift */; };
		257F505B1CC9FD890046B7C1 /* PlayerCell.swift in Sources */ = {isa = PBXBuildFile; fileRef = 257F505A1CC9FD890046B7C1 /* PlayerCell.swift */; };
/* End PBXBuildFile section */

/* Begin PBXContainerItemProxy section */
		257F50341CC9EE860046B7C1 /* PBXContainerItemProxy */ = {
			isa = PBXContainerItemProxy;
			containerPortal = 257F50171CC9EE850046B7C1 /* Project object */;
			proxyType = 1;
			remoteGlobalIDString = 257F501E1CC9EE850046B7C1;
			remoteInfo = "Lab#1";
		};
		257F503F1CC9EE860046B7C1 /* PBXContainerItemProxy */ = {
			isa = PBXContainerItemProxy;
			containerPortal = 257F50171CC9EE850046B7C1 /* Project object */;
			proxyType = 1;
			remoteGlobalIDString = 257F501E1CC9EE850046B7C1;
			remoteInfo = "Lab#1";
		};
/* End PBXContainerItemProxy section */

/* Begin PBXFileReference section */
		257F501F1CC9EE850046B7C1 /* Lab#1.app */ = {isa = PBXFileReference; explicitFileType = wrapper.application; includeInIndex = 0; path = "Lab#1.app"; sourceTree = BUILT_PRODUCTS_DIR; };
		257F50221CC9EE850046B7C1 /* AppDelegate.swift */ = {isa = PBXFileReference; lastKnownFileType = sourcecode.swift; path = AppDelegate.swift; sourceTree = "<group>"; };
		257F50241CC9EE850046B7C1 /* ViewController.swift */ = {isa = PBXFileReference; lastKnownFileType = sourcecode.swift; path = ViewController.swift; sourceTree = "<group>"; };
		257F50271CC9EE850046B7C1 /* Base */ = {isa = PBXFileReference; lastKnownFileType = file.storyboard; name = Base; path = Base.lproj/Main.storyboard; sourceTree = "<group>"; };
		257F50291CC9EE850046B7C1 /* Assets.xcassets */ = {isa = PBXFileReference; lastKnownFileType = folder.assetcatalog; path = Assets.xcassets; sourceTree = "<group>"; };
		257F502C1CC9EE850046B7C1 /* Base */ = {isa = PBXFileReference; lastKnownFileType = file.storyboard; name = Base; path = Base.lproj/LaunchScreen.storyboard; sourceTree = "<group>"; };
		257F502E1CC9EE850046B7C1 /* Info.plist */ = {isa = PBXFileReference; lastKnownFileType = text.plist.xml; path = Info.plist; sourceTree = "<group>"; };
		257F50331CC9EE860046B7C1 /* Lab#1Tests.xctest */ = {isa = PBXFileReference; explicitFileType = wrapper.cfbundle; includeInIndex = 0; path = "Lab#1Tests.xctest"; sourceTree = BUILT_PRODUCTS_DIR; };
		257F50371CC9EE860046B7C1 /* Lab_1Tests.swift */ = {isa = PBXFileReference; lastKnownFileType = sourcecode.swift; path = Lab_1Tests.swift; sourceTree = "<group>"; };
		257F50391CC9EE860046B7C1 /* Info.plist */ = {isa = PBXFileReference; lastKnownFileType = text.plist.xml; path = Info.plist; sourceTree = "<group>"; };
		257F503E1CC9EE860046B7C1 /* Lab#1UITests.xctest */ = {isa = PBXFileReference; explicitFileType = wrapper.cfbundle; includeInIndex = 0; path = "Lab#1UITests.xctest"; sourceTree = BUILT_PRODUCTS_DIR; };
		257F50421CC9EE860046B7C1 /* Lab_1UITests.swift */ = {isa = PBXFileReference; lastKnownFileType = sourcecode.swift; path = Lab_1UITests.swift; sourceTree = "<group>"; };
		257F50441CC9EE860046B7C1 /* Info.plist */ = {isa = PBXFileReference; lastKnownFileType = text.plist.xml; path = Info.plist; sourceTree = "<group>"; };
		257F50501CC9F5C80046B7C1 /* PlayerViewComtrollerTableViewController.swift */ = {isa = PBXFileReference; fileEncoding = 4; lastKnownFileType = sourcecode.swift; path = PlayerViewComtrollerTableViewController.swift; sourceTree = "<group>"; };
		257F50511CC9F5C80046B7C1 /* PlayerViewComtrollerTableViewController.xib */ = {isa = PBXFileReference; fileEncoding = 4; lastKnownFileType = file.xib; path = PlayerViewComtrollerTableViewController.xib; sourceTree = "<group>"; };
		257F50541CC9F6280046B7C1 /* Player.swift */ = {isa = PBXFileReference; fileEncoding = 4; lastKnownFileType = sourcecode.swift; path = Player.swift; sourceTree = "<group>"; };
		257F50561CC9F7390046B7C1 /* SampleData.swift */ = {isa = PBXFileReference; fileEncoding = 4; lastKnownFileType = sourcecode.swift; path = SampleData.swift; sourceTree = "<group>"; };
		257F505A1CC9FD890046B7C1 /* PlayerCell.swift */ = {isa = PBXFileReference; fileEncoding = 4; lastKnownFileType = sourcecode.swift; name = PlayerCell.swift; path = ../PlayerCell.swift; sourceTree = "<group>"; };
/* End PBXFileReference section */

/* Begin PBXFrameworksBuildPhase section */
		257F501C1CC9EE850046B7C1 /* Frameworks */ = {
			isa = PBXFrameworksBuildPhase;
			buildActionMask = 2147483647;
			files = (
			);
			runOnlyForDeploymentPostprocessing = 0;
		};
		257F50301CC9EE860046B7C1 /* Frameworks */ = {
			isa = PBXFrameworksBuildPhase;
			buildActionMask = 2147483647;
			files = (
			);
			runOnlyForDeploymentPostprocessing = 0;
		};
		257F503B1CC9EE860046B7C1 /* Frameworks */ = {
			isa = PBXFrameworksBuildPhase;
			buildActionMask = 2147483647;
			files = (
			);
			runOnlyForDeploymentPostprocessing = 0;
		};
/* End PBXFrameworksBuildPhase section */

/* Begin PBXGroup section */
		257F50161CC9EE850046B7C1 = {
			isa = PBXGroup;
			children = (
				257F50211CC9EE850046B7C1 /* Lab#1 */,
				257F50361CC9EE860046B7C1 /* Lab#1Tests */,
				257F50411CC9EE860046B7C1 /* Lab#1UITests */,
				257F50201CC9EE850046B7C1 /* Products */,
			);
			sourceTree = "<group>";
		};
		257F50201CC9EE850046B7C1 /* Products */ = {
			isa = PBXGroup;
			children = (
				257F501F1CC9EE850046B7C1 /* Lab#1.app */,
				257F50331CC9EE860046B7C1 /* Lab#1Tests.xctest */,
				257F503E1CC9EE860046B7C1 /* Lab#1UITests.xctest */,
			);
			name = Products;
			sourceTree = "<group>";
		};
		257F50211CC9EE850046B7C1 /* Lab#1 */ = {
			isa = PBXGroup;
			children = (
				257F50221CC9EE850046B7C1 /* AppDelegate.swift */,
				257F50241CC9EE850046B7C1 /* ViewController.swift */,
				257F50261CC9EE850046B7C1 /* Main.storyboard */,
				257F50501CC9F5C80046B7C1 /* PlayerViewComtrollerTableViewController.swift */,
				257F505A1CC9FD890046B7C1 /* PlayerCell.swift */,
				257F50541CC9F6280046B7C1 /* Player.swift */,
				257F50561CC9F7390046B7C1 /* SampleData.swift */,
				257F50511CC9F5C80046B7C1 /* PlayerViewComtrollerTableViewController.xib */,
				257F50291CC9EE850046B7C1 /* Assets.xcassets */,
				257F502B1CC9EE850046B7C1 /* LaunchScreen.storyboard */,
				257F502E1CC9EE850046B7C1 /* Info.plist */,
			);
			path = "Lab#1";
			sourceTree = "<group>";
		};
		257F50361CC9EE860046B7C1 /* Lab#1Tests */ = {
			isa = PBXGroup;
			children = (
				257F50371CC9EE860046B7C1 /* Lab_1Tests.swift */,
				257F50391CC9EE860046B7C1 /* Info.plist */,
			);
			path = "Lab#1Tests";
			sourceTree = "<group>";
		};
		257F50411CC9EE860046B7C1 /* Lab#1UITests */ = {
			isa = PBXGroup;
			children = (
				257F50421CC9EE860046B7C1 /* Lab_1UITests.swift */,
				257F50441CC9EE860046B7C1 /* Info.plist */,
			);
			path = "Lab#1UITests";
			sourceTree = "<group>";
		};
/* End PBXGroup section */

/* Begin PBXNativeTarget section */
		257F501E1CC9EE850046B7C1 /* Lab#1 */ = {
			isa = PBXNativeTarget;
			buildConfigurationList = 257F50471CC9EE860046B7C1 /* Build configuration list for PBXNativeTarget "Lab#1" */;
			buildPhases = (
				257F501B1CC9EE850046B7C1 /* Sources */,
				257F501C1CC9EE850046B7C1 /* Frameworks */,
				257F501D1CC9EE850046B7C1 /* Resources */,
			);
			buildRules = (
			);
			dependencies = (
			);
			name = "Lab#1";
			productName = "Lab#1";
			productReference = 257F501F1CC9EE850046B7C1 /* Lab#1.app */;
			productType = "com.apple.product-type.application";
		};
		257F50321CC9EE860046B7C1 /* Lab#1Tests */ = {
			isa = PBXNativeTarget;
			buildConfigurationList = 257F504A1CC9EE860046B7C1 /* Build configuration list for PBXNativeTarget "Lab#1Tests" */;
			buildPhases = (
				257F502F1CC9EE860046B7C1 /* Sources */,
				257F50301CC9EE860046B7C1 /* Frameworks */,
				257F50311CC9EE860046B7C1 /* Resources */,
			);
			buildRules = (
			);
			dependencies = (
				257F50351CC9EE860046B7C1 /* PBXTargetDependency */,
			);
			name = "Lab#1Tests";
			productName = "Lab#1Tests";
			productReference = 257F50331CC9EE860046B7C1 /* Lab#1Tests.xctest */;
			productType = "com.apple.product-type.bundle.unit-test";
		};
		257F503D1CC9EE860046B7C1 /* Lab#1UITests */ = {
			isa = PBXNativeTarget;
			buildConfigurationList = 257F504D1CC9EE860046B7C1 /* Build configuration list for PBXNativeTarget "Lab#1UITests" */;
			buildPhases = (
				257F503A1CC9EE860046B7C1 /* Sources */,
				257F503B1CC9EE860046B7C1 /* Frameworks */,
				257F503C1CC9EE860046B7C1 /* Resources */,
			);
			buildRules = (
			);
			dependencies = (
				257F50401CC9EE860046B7C1 /* PBXTargetDependency */,
			);
			name = "Lab#1UITests";
			productName = "Lab#1UITests";
			productReference = 257F503E1CC9EE860046B7C1 /* Lab#1UITests.xctest */;
			productType = "com.apple.product-type.bundle.ui-testing";
		};
/* End PBXNativeTarget section */

/* Begin PBXProject section */
		257F50171CC9EE850046B7C1 /* Project object */ = {
			isa = PBXProject;
			attributes = {
				KnownAssetTags = (
					100,
					101,
				);
				LastSwiftUpdateCheck = 0730;
				LastUpgradeCheck = 0730;
				ORGANIZATIONNAME = "luna app";
				TargetAttributes = {
					257F501E1CC9EE850046B7C1 = {
						CreatedOnToolsVersion = 7.3;
						DevelopmentTeam = E4KSXM34AS;
					};
					257F50321CC9EE860046B7C1 = {
						CreatedOnToolsVersion = 7.3;
						DevelopmentTeam = E4KSXM34AS;
						TestTargetID = 257F501E1CC9EE850046B7C1;
					};
					257F503D1CC9EE860046B7C1 = {
						CreatedOnToolsVersion = 7.3;
						DevelopmentTeam = E4KSXM34AS;
						TestTargetID = 257F501E1CC9EE850046B7C1;
					};
				};
			};
			buildConfigurationList = 257F501A1CC9EE850046B7C1 /* Build configuration list for PBXProject "Lab#1" */;
			compatibilityVersion = "Xcode 3.2";
			developmentRegion = English;
			hasScannedForEncodings = 0;
			knownRegions = (
				en,
				Base,
			);
			mainGroup = 257F50161CC9EE850046B7C1;
			productRefGroup = 257F50201CC9EE850046B7C1 /* Products */;
			projectDirPath = "";
			projectRoot = "";
			targets = (
				257F501E1CC9EE850046B7C1 /* Lab#1 */,
				257F50321CC9EE860046B7C1 /* Lab#1Tests */,
				257F503D1CC9EE860046B7C1 /* Lab#1UITests */,
			);
		};
/* End PBXProject section */

/* Begin PBXResourcesBuildPhase section */
		257F501D1CC9EE850046B7C1 /* Resources */ = {
			isa = PBXResourcesBuildPhase;
			buildActionMask = 2147483647;
			files = (
				257F502D1CC9EE850046B7C1 /* LaunchScreen.storyboard in Resources */,
				257F502A1CC9EE850046B7C1 /* Assets.xcassets in Resources */,
				257F50531CC9F5C80046B7C1 /* PlayerViewComtrollerTableViewController.xib in Resources */,
				257F50281CC9EE850046B7C1 /* Main.storyboard in Resources */,
			);
			runOnlyForDeploymentPostprocessing = 0;
		};
		257F50311CC9EE860046B7C1 /* Resources */ = {
			isa = PBXResourcesBuildPhase;
			buildActionMask = 2147483647;
			files = (
			);
			runOnlyForDeploymentPostprocessing = 0;
		};
		257F503C1CC9EE860046B7C1 /* Resources */ = {
			isa = PBXResourcesBuildPhase;
			buildActionMask = 2147483647;
			files = (
			);
			runOnlyForDeploymentPostprocessing = 0;
		};
/* End PBXResourcesBuildPhase section */

/* Begin PBXSourcesBuildPhase section */
		257F501B1CC9EE850046B7C1 /* Sources */ = {
			isa = PBXSourcesBuildPhase;
			buildActionMask = 2147483647;
			files = (
				257F505B1CC9FD890046B7C1 /* PlayerCell.swift in Sources */,
				257F50551CC9F6280046B7C1 /* Player.swift in Sources */,
				257F50521CC9F5C80046B7C1 /* PlayerViewComtrollerTableViewController.swift in Sources */,
				257F50251CC9EE850046B7C1 /* ViewController.swift in Sources */,
				257F50571CC9F7390046B7C1 /* SampleData.swift in Sources */,
				257F50231CC9EE850046B7C1 /* AppDelegate.swift in Sources */,
			);
			runOnlyForDeploymentPostprocessing = 0;
		};
		257F502F1CC9EE860046B7C1 /* Sources */ = {
			isa = PBXSourcesBuildPhase;
			buildActionMask = 2147483647;
			files = (
				257F50381CC9EE860046B7C1 /* Lab_1Tests.swift in Sources */,
			);
			runOnlyForDeploymentPostprocessing = 0;
		};
		257F503A1CC9EE860046B7C1 /* Sources */ = {
			isa = PBXSourcesBuildPhase;
			buildActionMask = 2147483647;
			files = (
				257F50431CC9EE860046B7C1 /* Lab_1UITests.swift in Sources */,
			);
			runOnlyForDeploymentPostprocessing = 0;
		};
/* End PBXSourcesBuildPhase section */

/* Begin PBXTargetDependency section */
		257F50351CC9EE860046B7C1 /* PBXTargetDependency */ = {
			isa = PBXTargetDependency;
			target = 257F501E1CC9EE850046B7C1 /* Lab#1 */;
			targetProxy = 257F50341CC9EE860046B7C1 /* PBXContainerItemProxy */;
		};
		257F50401CC9EE860046B7C1 /* PBXTargetDependency */ = {
			isa = PBXTargetDependency;
			target = 257F501E1CC9EE850046B7C1 /* Lab#1 */;
			targetProxy = 257F503F1CC9EE860046B7C1 /* PBXContainerItemProxy */;
		};
/* End PBXTargetDependency section */

/* Begin PBXVariantGroup section */
		257F50261CC9EE850046B7C1 /* Main.storyboard */ = {
			isa = PBXVariantGroup;
			children = (
				257F50271CC9EE850046B7C1 /* Base */,
			);
			name = Main.storyboard;
			sourceTree = "<group>";
		};
		257F502B1CC9EE850046B7C1 /* LaunchScreen.storyboard */ = {
			isa = PBXVariantGroup;
			children = (
				257F502C1CC9EE850046B7C1 /* Base */,
			);
			name = LaunchScreen.storyboard;
			sourceTree = "<group>";
		};
/* End PBXVariantGroup section */

/* Begin XCBuildConfiguration section */
		257F50451CC9EE860046B7C1 /* Debug */ = {
			isa = XCBuildConfiguration;
			buildSettings = {
				ALWAYS_SEARCH_USER_PATHS = NO;
				CLANG_ANALYZER_NONNULL = YES;
				CLANG_CXX_LANGUAGE_STANDARD = "gnu++0x";
				CLANG_CXX_LIBRARY = "libc++";
				CLANG_ENABLE_MODULES = YES;
				CLANG_ENABLE_OBJC_ARC = YES;
				CLANG_WARN_BOOL_CONVERSION = YES;
				CLANG_WARN_CONSTANT_CONVERSION = YES;
				CLANG_WARN_DIRECT_OBJC_ISA_USAGE = YES_ERROR;
				CLANG_WARN_EMPTY_BODY = YES;
				CLANG_WARN_ENUM_CONVERSION = YES;
				CLANG_WARN_INT_CONVERSION = YES;
				CLANG_WARN_OBJC_ROOT_CLASS = YES_ERROR;
				CLANG_WARN_UNREACHABLE_CODE = YES;
				CLANG_WARN__DUPLICATE_METHOD_MATCH = YES;
				"CODE_SIGN_IDENTITY[sdk=iphoneos*]" = "iPhone Developer";
				COPY_PHASE_STRIP = NO;
				DEBUG_INFORMATION_FORMAT = dwarf;
				ENABLE_STRICT_OBJC_MSGSEND = YES;
				ENABLE_TESTABILITY = YES;
				GCC_C_LANGUAGE_STANDARD = gnu99;
				GCC_DYNAMIC_NO_PIC = NO;
				GCC_NO_COMMON_BLOCKS = YES;
				GCC_OPTIMIZATION_LEVEL = 0;
				GCC_PREPROCESSOR_DEFINITIONS = (
					"DEBUG=1",
					"$(inherited)",
				);
				GCC_WARN_64_TO_32_BIT_CONVERSION = YES;
				GCC_WARN_ABOUT_RETURN_TYPE = YES_ERROR;
				GCC_WARN_UNDECLARED_SELECTOR = YES;
				GCC_WARN_UNINITIALIZED_AUTOS = YES_AGGRESSIVE;
				GCC_WARN_UNUSED_FUNCTION = YES;
				GCC_WARN_UNUSED_VARIABLE = YES;
				IPHONEOS_DEPLOYMENT_TARGET = 9.3;
				MTL_ENABLE_DEBUG_INFO = YES;
				ONLY_ACTIVE_ARCH = YES;
				SDKROOT = iphoneos;
				SWIFT_OPTIMIZATION_LEVEL = "-Onone";
			};
			name = Debug;
		};
		257F50461CC9EE860046B7C1 /* Release */ = {
			isa = XCBuildConfiguration;
			buildSettings = {
				ALWAYS_SEARCH_USER_PATHS = NO;
				CLANG_ANALYZER_NONNULL = YES;
				CLANG_CXX_LANGUAGE_STANDARD = "gnu++0x";
				CLANG_CXX_LIBRARY = "libc++";
				CLANG_ENABLE_MODULES = YES;
				CLANG_ENABLE_OBJC_ARC = YES;
				CLANG_WARN_BOOL_CONVERSION = YES;
				CLANG_WARN_CONSTANT_CONVERSION = YES;
				CLANG_WARN_DIRECT_OBJC_ISA_USAGE = YES_ERROR;
				CLANG_WARN_EMPTY_BODY = YES;
				CLANG_WARN_ENUM_CONVERSION = YES;
				CLANG_WARN_INT_CONVERSION = YES;
				CLANG_WARN_OBJC_ROOT_CLASS = YES_ERROR;
				CLANG_WARN_UNREACHABLE_CODE = YES;
				CLANG_WARN__DUPLICATE_METHOD_MATCH = YES;
				"CODE_SIGN_IDENTITY[sdk=iphoneos*]" = "iPhone Developer";
				COPY_PHASE_STRIP = NO;
				DEBUG_INFORMATION_FORMAT = "dwarf-with-dsym";
				ENABLE_NS_ASSERTIONS = NO;
				ENABLE_STRICT_OBJC_MSGSEND = YES;
				GCC_C_LANGUAGE_STANDARD = gnu99;
				GCC_NO_COMMON_BLOCKS = YES;
				GCC_WARN_64_TO_32_BIT_CONVERSION = YES;
				GCC_WARN_ABOUT_RETURN_TYPE = YES_ERROR;
				GCC_WARN_UNDECLARED_SELECTOR = YES;
				GCC_WARN_UNINITIALIZED_AUTOS = YES_AGGRESSIVE;
				GCC_WARN_UNUSED_FUNCTION = YES;
				GCC_WARN_UNUSED_VARIABLE = YES;
				IPHONEOS_DEPLOYMENT_TARGET = 9.3;
				MTL_ENABLE_DEBUG_INFO = NO;
				SDKROOT = iphoneos;
				VALIDATE_PRODUCT = YES;
			};
			name = Release;
		};
		257F50481CC9EE860046B7C1 /* Debug */ = {
			isa = XCBuildConfiguration;
			buildSettings = {
				ASSETCATALOG_COMPILER_APPICON_NAME = AppIcon;
				INFOPLIST_FILE = "Lab#1/Info.plist";
				LD_RUNPATH_SEARCH_PATHS = "$(inherited) @executable_path/Frameworks";
				PRODUCT_BUNDLE_IDENTIFIER = "com.luna.Lab-1";
				PRODUCT_NAME = "$(TARGET_NAME)";
			};
			name = Debug;
		};
		257F50491CC9EE860046B7C1 /* Release */ = {
			isa = XCBuildConfiguration;
			buildSettings = {
				ASSETCATALOG_COMPILER_APPICON_NAME = AppIcon;
				INFOPLIST_FILE = "Lab#1/Info.plist";
				LD_RUNPATH_SEARCH_PATHS = "$(inherited) @executable_path/Frameworks";
				PRODUCT_BUNDLE_IDENTIFIER = "com.luna.Lab-1";
				PRODUCT_NAME = "$(TARGET_NAME)";
			};
			name = Release;
		};
		257F504B1CC9EE860046B7C1 /* Debug */ = {
			isa = XCBuildConfiguration;
			buildSettings = {
				BUNDLE_LOADER = "$(TEST_HOST)";
				INFOPLIST_FILE = "Lab#1Tests/Info.plist";
				LD_RUNPATH_SEARCH_PATHS = "$(inherited) @executable_path/Frameworks @loader_path/Frameworks";
				PRODUCT_BUNDLE_IDENTIFIER = "com.luna.Lab-1Tests";
				PRODUCT_NAME = "$(TARGET_NAME)";
				TEST_HOST = "$(BUILT_PRODUCTS_DIR)/Lab#1.app/Lab#1";
			};
			name = Debug;
		};
		257F504C1CC9EE860046B7C1 /* Release */ = {
			isa = XCBuildConfiguration;
			buildSettings = {
				BUNDLE_LOADER = "$(TEST_HOST)";
				INFOPLIST_FILE = "Lab#1Tests/Info.plist";
				LD_RUNPATH_SEARCH_PATHS = "$(inherited) @executable_path/Frameworks @loader_path/Frameworks";
				PRODUCT_BUNDLE_IDENTIFIER = "com.luna.Lab-1Tests";
				PRODUCT_NAME = "$(TARGET_NAME)";
				TEST_HOST = "$(BUILT_PRODUCTS_DIR)/Lab#1.app/Lab#1";
			};
			name = Release;
		};
		257F504E1CC9EE860046B7C1 /* Debug */ = {
			isa = XCBuildConfiguration;
			buildSettings = {
				INFOPLIST_FILE = "Lab#1UITests/Info.plist";
				LD_RUNPATH_SEARCH_PATHS = "$(inherited) @executable_path/Frameworks @loader_path/Frameworks";
				PRODUCT_BUNDLE_IDENTIFIER = "com.luna.Lab-1UITests";
				PRODUCT_NAME = "$(TARGET_NAME)";
				TEST_TARGET_NAME = "Lab#1";
			};
			name = Debug;
		};
		257F504F1CC9EE860046B7C1 /* Release */ = {
			isa = XCBuildConfiguration;
			buildSettings = {
				INFOPLIST_FILE = "Lab#1UITests/Info.plist";
				LD_RUNPATH_SEARCH_PATHS = "$(inherited) @executable_path/Frameworks @loader_path/Frameworks";
				PRODUCT_BUNDLE_IDENTIFIER = "com.luna.Lab-1UITests";
				PRODUCT_NAME = "$(TARGET_NAME)";
				TEST_TARGET_NAME = "Lab#1";
			};
			name = Release;
		};
/* End XCBuildConfiguration section */

/* Begin XCConfigurationList section */
		257F501A1CC9EE850046B7C1 /* Build configuration list for PBXProject "Lab#1" */ = {
			isa = XCConfigurationList;
			buildConfigurations = (
				257F50451CC9EE860046B7C1 /* Debug */,
				257F50461CC9EE860046B7C1 /* Release */,
			);
			defaultConfigurationIsVisible = 0;
			defaultConfigurationName = Release;
		};
		257F50471CC9EE860046B7C1 /* Build configuration list for PBXNativeTarget "Lab#1" */ = {
			isa = XCConfigurationList;
			buildConfigurations = (
				257F50481CC9EE860046B7C1 /* Debug */,
				257F50491CC9EE860046B7C1 /* Release */,
			);
			defaultConfigurationIsVisible = 0;
		};
		257F504A1CC9EE860046B7C1 /* Build configuration list for PBXNativeTarget "Lab#1Tests" */ = {
			isa = XCConfigurationList;
			buildConfigurations = (
				257F504B1CC9EE860046B7C1 /* Debug */,
				257F504C1CC9EE860046B7C1 /* Release */,
			);
			defaultConfigurationIsVisible = 0;
		};
		257F504D1CC9EE860046B7C1 /* Build configuration list for PBXNativeTarget "Lab#1UITests" */ = {
			isa = XCConfigurationList;
			buildConfigurations = (
				257F504E1CC9EE860046B7C1 /* Debug */,
				257F504F1CC9EE860046B7C1 /* Release */,
			);
			defaultConfigurationIsVisible = 0;
		};
/* End XCConfigurationList section */
	};
	rootObject = 257F50171CC9EE850046B7C1 /* Project object */;
}
